// !$*UTF8*$!
{
	archiveVersion = 1;
	classes = {
	};
	objectVersion = 50;
	objects = {

/* Begin PBXBuildFile section */
		0C3B66502114EE1100E047FB /* GoogleService-Info.plist in Resources */ = {isa = PBXBuildFile; fileRef = 0C3B664F2114EE1100E047FB /* GoogleService-Info.plist */; };
		0C3B665221151ADD00E047FB /* AdminLoginViewController.swift in Sources */ = {isa = PBXBuildFile; fileRef = 0C3B665121151ADD00E047FB /* AdminLoginViewController.swift */; };
		0C3B665621152B2000E047FB /* AdminHomeViewController.swift in Sources */ = {isa = PBXBuildFile; fileRef = 0C3B665521152B2000E047FB /* AdminHomeViewController.swift */; };
		0C3B6658211568E800E047FB /* SelectHomeTeamViewController.swift in Sources */ = {isa = PBXBuildFile; fileRef = 0C3B6657211568E800E047FB /* SelectHomeTeamViewController.swift */; };
		0C3B665A2115698200E047FB /* SelectAwayTeamViewController.swift in Sources */ = {isa = PBXBuildFile; fileRef = 0C3B66592115698200E047FB /* SelectAwayTeamViewController.swift */; };
		0C3B665C211569AD00E047FB /* SetScoreViewController.swift in Sources */ = {isa = PBXBuildFile; fileRef = 0C3B665B211569AD00E047FB /* SetScoreViewController.swift */; };
		0C3B665E21156A1A00E047FB /* AddGoalViewController.swift in Sources */ = {isa = PBXBuildFile; fileRef = 0C3B665D21156A1A00E047FB /* AddGoalViewController.swift */; };
		0C3B66602115788600E047FB /* Goal.swift in Sources */ = {isa = PBXBuildFile; fileRef = 0C3B665F2115788600E047FB /* Goal.swift */; };
		0C477AF0210F99E80062C44A /* AppDelegate.swift in Sources */ = {isa = PBXBuildFile; fileRef = 0C477AEF210F99E80062C44A /* AppDelegate.swift */; };
		0C477AF2210F99E80062C44A /* StandingsViewController.swift in Sources */ = {isa = PBXBuildFile; fileRef = 0C477AF1210F99E80062C44A /* StandingsViewController.swift */; };
		0C477AF5210F99E80062C44A /* Main.storyboard in Resources */ = {isa = PBXBuildFile; fileRef = 0C477AF3210F99E80062C44A /* Main.storyboard */; };
		0C477AF7210F99EA0062C44A /* Assets.xcassets in Resources */ = {isa = PBXBuildFile; fileRef = 0C477AF6210F99EA0062C44A /* Assets.xcassets */; };
		0C477AFA210F99EA0062C44A /* LaunchScreen.storyboard in Resources */ = {isa = PBXBuildFile; fileRef = 0C477AF8210F99EA0062C44A /* LaunchScreen.storyboard */; };
		0C477B05210F99EA0062C44A /* PrimeCupTests.swift in Sources */ = {isa = PBXBuildFile; fileRef = 0C477B04210F99EA0062C44A /* PrimeCupTests.swift */; };
		0C477B10210F99EA0062C44A /* PrimeCupUITests.swift in Sources */ = {isa = PBXBuildFile; fileRef = 0C477B0F210F99EA0062C44A /* PrimeCupUITests.swift */; };
		0C477B1E210F99FB0062C44A /* Team.swift in Sources */ = {isa = PBXBuildFile; fileRef = 0C477B1D210F99FB0062C44A /* Team.swift */; };
		0C477B20210F9A3D0062C44A /* Player.swift in Sources */ = {isa = PBXBuildFile; fileRef = 0C477B1F210F9A3D0062C44A /* Player.swift */; };
		0C477B22210F9BA90062C44A /* Match.swift in Sources */ = {isa = PBXBuildFile; fileRef = 0C477B21210F9BA90062C44A /* Match.swift */; };
		0C477B25210F9F3D0062C44A /* TeamPlayerDatabase.swift in Sources */ = {isa = PBXBuildFile; fileRef = 0C477B24210F9F3D0062C44A /* TeamPlayerDatabase.swift */; };
		0C477B27210FAC7E0062C44A /* StandingsCell.swift in Sources */ = {isa = PBXBuildFile; fileRef = 0C477B26210FAC7E0062C44A /* StandingsCell.swift */; };
		0C477B292110149D0062C44A /* HistoryCell.swift in Sources */ = {isa = PBXBuildFile; fileRef = 0C477B282110149D0062C44A /* HistoryCell.swift */; };
		0C477B2C211016700062C44A /* MatchHistoryViewController.swift in Sources */ = {isa = PBXBuildFile; fileRef = 0C477B2A211016700062C44A /* MatchHistoryViewController.swift */; };
		0C516897211104B9009FAE9D /* PlayerCell.swift in Sources */ = {isa = PBXBuildFile; fileRef = 0C516896211104B9009FAE9D /* PlayerCell.swift */; };
		0C516899211106DC009FAE9D /* TeamViewController.swift in Sources */ = {isa = PBXBuildFile; fileRef = 0C516898211106DC009FAE9D /* TeamViewController.swift */; };
		0C51689B211274B0009FAE9D /* PlayerViewController.swift in Sources */ = {isa = PBXBuildFile; fileRef = 0C51689A211274B0009FAE9D /* PlayerViewController.swift */; };
		0C949DFE21227A92004C9982 /* SelectScorerViewController.swift in Sources */ = {isa = PBXBuildFile; fileRef = 0C949DFD21227A92004C9982 /* SelectScorerViewController.swift */; };
		0C949E0021227B22004C9982 /* ScorerTableViewCell.swift in Sources */ = {isa = PBXBuildFile; fileRef = 0C949DFF21227B22004C9982 /* ScorerTableViewCell.swift */; };
		0C949E0221227B8B004C9982 /* AssistTableViewCell.swift in Sources */ = {isa = PBXBuildFile; fileRef = 0C949E0121227B8B004C9982 /* AssistTableViewCell.swift */; };
		0C949E0421227EF8004C9982 /* SelectAssistViewController.swift in Sources */ = {isa = PBXBuildFile; fileRef = 0C949E0321227EF8004C9982 /* SelectAssistViewController.swift */; };
		0C949E0621228170004C9982 /* ConfirmGoalViewController.swift in Sources */ = {isa = PBXBuildFile; fileRef = 0C949E0521228170004C9982 /* ConfirmGoalViewController.swift */; };
		0CE31EDB2117F3490099694F /* UIViewController+ActivityIndicator.swift in Sources */ = {isa = PBXBuildFile; fileRef = 0CE31EDA2117F3490099694F /* UIViewController+ActivityIndicator.swift */; };
		0CE31EDD2117FEE60099694F /* PlayerStatsCell.swift in Sources */ = {isa = PBXBuildFile; fileRef = 0CE31EDC2117FEE60099694F /* PlayerStatsCell.swift */; };
		0CE31EDF211801F40099694F /* PlayerStatsViewController.swift in Sources */ = {isa = PBXBuildFile; fileRef = 0CE31EDE211801F40099694F /* PlayerStatsViewController.swift */; };
		75BD69FC1AF0044838BABBD6 /* Pods_PrimeCup.framework in Frameworks */ = {isa = PBXBuildFile; fileRef = 0E2E2DF14DEE1BFA54D91838 /* Pods_PrimeCup.framework */; };
		866BE08E7380E47D8635DF51 /* Pods_PrimeCupUITests.framework in Frameworks */ = {isa = PBXBuildFile; fileRef = 1770D47CFA960447AE85E2F5 /* Pods_PrimeCupUITests.framework */; };
		A8A419A2BB06D430E652E7A2 /* Pods_PrimeCupTests.framework in Frameworks */ = {isa = PBXBuildFile; fileRef = 3375E72703CCA1C06C04622F /* Pods_PrimeCupTests.framework */; };
/* End PBXBuildFile section */

/* Begin PBXContainerItemProxy section */
		0C477B01210F99EA0062C44A /* PBXContainerItemProxy */ = {
			isa = PBXContainerItemProxy;
			containerPortal = 0C477AE4210F99E80062C44A /* Project object */;
			proxyType = 1;
			remoteGlobalIDString = 0C477AEB210F99E80062C44A;
			remoteInfo = PrimeCup;
		};
		0C477B0C210F99EA0062C44A /* PBXContainerItemProxy */ = {
			isa = PBXContainerItemProxy;
			containerPortal = 0C477AE4210F99E80062C44A /* Project object */;
			proxyType = 1;
			remoteGlobalIDString = 0C477AEB210F99E80062C44A;
			remoteInfo = PrimeCup;
		};
/* End PBXContainerItemProxy section */

/* Begin PBXFileReference section */
		0A519223E298D507260D6BA3 /* Pods-PrimeCupUITests.release.xcconfig */ = {isa = PBXFileReference; includeInIndex = 1; lastKnownFileType = text.xcconfig; name = "Pods-PrimeCupUITests.release.xcconfig"; path = "Pods/Target Support Files/Pods-PrimeCupUITests/Pods-PrimeCupUITests.release.xcconfig"; sourceTree = "<group>"; };
		0C3B664F2114EE1100E047FB /* GoogleService-Info.plist */ = {isa = PBXFileReference; fileEncoding = 4; lastKnownFileType = text.plist.xml; path = "GoogleService-Info.plist"; sourceTree = "<group>"; };
		0C3B665121151ADD00E047FB /* AdminLoginViewController.swift */ = {isa = PBXFileReference; lastKnownFileType = sourcecode.swift; path = AdminLoginViewController.swift; sourceTree = "<group>"; };
		0C3B665521152B2000E047FB /* AdminHomeViewController.swift */ = {isa = PBXFileReference; lastKnownFileType = sourcecode.swift; path = AdminHomeViewController.swift; sourceTree = "<group>"; };
		0C3B6657211568E800E047FB /* SelectHomeTeamViewController.swift */ = {isa = PBXFileReference; lastKnownFileType = sourcecode.swift; path = SelectHomeTeamViewController.swift; sourceTree = "<group>"; };
		0C3B66592115698200E047FB /* SelectAwayTeamViewController.swift */ = {isa = PBXFileReference; lastKnownFileType = sourcecode.swift; path = SelectAwayTeamViewController.swift; sourceTree = "<group>"; };
		0C3B665B211569AD00E047FB /* SetScoreViewController.swift */ = {isa = PBXFileReference; lastKnownFileType = sourcecode.swift; path = SetScoreViewController.swift; sourceTree = "<group>"; };
		0C3B665D21156A1A00E047FB /* AddGoalViewController.swift */ = {isa = PBXFileReference; lastKnownFileType = sourcecode.swift; path = AddGoalViewController.swift; sourceTree = "<group>"; };
		0C3B665F2115788600E047FB /* Goal.swift */ = {isa = PBXFileReference; lastKnownFileType = sourcecode.swift; path = Goal.swift; sourceTree = "<group>"; };
		0C477AEC210F99E80062C44A /* PrimeCup.app */ = {isa = PBXFileReference; explicitFileType = wrapper.application; includeInIndex = 0; path = PrimeCup.app; sourceTree = BUILT_PRODUCTS_DIR; };
		0C477AEF210F99E80062C44A /* AppDelegate.swift */ = {isa = PBXFileReference; lastKnownFileType = sourcecode.swift; path = AppDelegate.swift; sourceTree = "<group>"; };
		0C477AF1210F99E80062C44A /* StandingsViewController.swift */ = {isa = PBXFileReference; lastKnownFileType = sourcecode.swift; path = StandingsViewController.swift; sourceTree = "<group>"; };
		0C477AF4210F99E80062C44A /* Base */ = {isa = PBXFileReference; lastKnownFileType = file.storyboard; name = Base; path = Base.lproj/Main.storyboard; sourceTree = "<group>"; };
		0C477AF6210F99EA0062C44A /* Assets.xcassets */ = {isa = PBXFileReference; lastKnownFileType = folder.assetcatalog; path = Assets.xcassets; sourceTree = "<group>"; };
		0C477AF9210F99EA0062C44A /* Base */ = {isa = PBXFileReference; lastKnownFileType = file.storyboard; name = Base; path = Base.lproj/LaunchScreen.storyboard; sourceTree = "<group>"; };
		0C477AFB210F99EA0062C44A /* Info.plist */ = {isa = PBXFileReference; lastKnownFileType = text.plist.xml; path = Info.plist; sourceTree = "<group>"; };
		0C477B00210F99EA0062C44A /* PrimeCupTests.xctest */ = {isa = PBXFileReference; explicitFileType = wrapper.cfbundle; includeInIndex = 0; path = PrimeCupTests.xctest; sourceTree = BUILT_PRODUCTS_DIR; };
		0C477B04210F99EA0062C44A /* PrimeCupTests.swift */ = {isa = PBXFileReference; lastKnownFileType = sourcecode.swift; path = PrimeCupTests.swift; sourceTree = "<group>"; };
		0C477B06210F99EA0062C44A /* Info.plist */ = {isa = PBXFileReference; lastKnownFileType = text.plist.xml; path = Info.plist; sourceTree = "<group>"; };
		0C477B0B210F99EA0062C44A /* PrimeCupUITests.xctest */ = {isa = PBXFileReference; explicitFileType = wrapper.cfbundle; includeInIndex = 0; path = PrimeCupUITests.xctest; sourceTree = BUILT_PRODUCTS_DIR; };
		0C477B0F210F99EA0062C44A /* PrimeCupUITests.swift */ = {isa = PBXFileReference; lastKnownFileType = sourcecode.swift; path = PrimeCupUITests.swift; sourceTree = "<group>"; };
		0C477B11210F99EA0062C44A /* Info.plist */ = {isa = PBXFileReference; lastKnownFileType = text.plist.xml; path = Info.plist; sourceTree = "<group>"; };
		0C477B1D210F99FB0062C44A /* Team.swift */ = {isa = PBXFileReference; lastKnownFileType = sourcecode.swift; path = Team.swift; sourceTree = "<group>"; };
		0C477B1F210F9A3D0062C44A /* Player.swift */ = {isa = PBXFileReference; lastKnownFileType = sourcecode.swift; path = Player.swift; sourceTree = "<group>"; };
		0C477B21210F9BA90062C44A /* Match.swift */ = {isa = PBXFileReference; lastKnownFileType = sourcecode.swift; path = Match.swift; sourceTree = "<group>"; };
		0C477B24210F9F3D0062C44A /* TeamPlayerDatabase.swift */ = {isa = PBXFileReference; lastKnownFileType = sourcecode.swift; path = TeamPlayerDatabase.swift; sourceTree = "<group>"; };
		0C477B26210FAC7E0062C44A /* StandingsCell.swift */ = {isa = PBXFileReference; lastKnownFileType = sourcecode.swift; path = StandingsCell.swift; sourceTree = "<group>"; };
		0C477B282110149D0062C44A /* HistoryCell.swift */ = {isa = PBXFileReference; lastKnownFileType = sourcecode.swift; path = HistoryCell.swift; sourceTree = "<group>"; };
		0C477B2A211016700062C44A /* MatchHistoryViewController.swift */ = {isa = PBXFileReference; lastKnownFileType = sourcecode.swift; path = MatchHistoryViewController.swift; sourceTree = "<group>"; };
		0C516896211104B9009FAE9D /* PlayerCell.swift */ = {isa = PBXFileReference; lastKnownFileType = sourcecode.swift; path = PlayerCell.swift; sourceTree = "<group>"; };
		0C516898211106DC009FAE9D /* TeamViewController.swift */ = {isa = PBXFileReference; lastKnownFileType = sourcecode.swift; path = TeamViewController.swift; sourceTree = "<group>"; };
		0C51689A211274B0009FAE9D /* PlayerViewController.swift */ = {isa = PBXFileReference; lastKnownFileType = sourcecode.swift; path = PlayerViewController.swift; sourceTree = "<group>"; };
		0C949DFD21227A92004C9982 /* SelectScorerViewController.swift */ = {isa = PBXFileReference; lastKnownFileType = sourcecode.swift; path = SelectScorerViewController.swift; sourceTree = "<group>"; };
		0C949DFF21227B22004C9982 /* ScorerTableViewCell.swift */ = {isa = PBXFileReference; lastKnownFileType = sourcecode.swift; name = ScorerTableViewCell.swift; path = PrimeCup/Cell/ScorerTableViewCell.swift; sourceTree = SOURCE_ROOT; };
		0C949E0121227B8B004C9982 /* AssistTableViewCell.swift */ = {isa = PBXFileReference; lastKnownFileType = sourcecode.swift; name = AssistTableViewCell.swift; path = PrimeCup/Cell/AssistTableViewCell.swift; sourceTree = SOURCE_ROOT; };
		0C949E0321227EF8004C9982 /* SelectAssistViewController.swift */ = {isa = PBXFileReference; lastKnownFileType = sourcecode.swift; path = SelectAssistViewController.swift; sourceTree = "<group>"; };
		0C949E0521228170004C9982 /* ConfirmGoalViewController.swift */ = {isa = PBXFileReference; lastKnownFileType = sourcecode.swift; path = ConfirmGoalViewController.swift; sourceTree = "<group>"; };
		0CA3D264211A614F00139929 /* PrimeCup.entitlements */ = {isa = PBXFileReference; lastKnownFileType = text.plist.entitlements; path = PrimeCup.entitlements; sourceTree = "<group>"; };
		0CE31EDA2117F3490099694F /* UIViewController+ActivityIndicator.swift */ = {isa = PBXFileReference; lastKnownFileType = sourcecode.swift; path = "UIViewController+ActivityIndicator.swift"; sourceTree = "<group>"; };
		0CE31EDC2117FEE60099694F /* PlayerStatsCell.swift */ = {isa = PBXFileReference; lastKnownFileType = sourcecode.swift; path = PlayerStatsCell.swift; sourceTree = "<group>"; };
		0CE31EDE211801F40099694F /* PlayerStatsViewController.swift */ = {isa = PBXFileReference; lastKnownFileType = sourcecode.swift; path = PlayerStatsViewController.swift; sourceTree = "<group>"; };
		0E2E2DF14DEE1BFA54D91838 /* Pods_PrimeCup.framework */ = {isa = PBXFileReference; explicitFileType = wrapper.framework; includeInIndex = 0; path = Pods_PrimeCup.framework; sourceTree = BUILT_PRODUCTS_DIR; };
		170CB3D9E6315F5828C74EA0 /* Pods-PrimeCupUITests.debug.xcconfig */ = {isa = PBXFileReference; includeInIndex = 1; lastKnownFileType = text.xcconfig; name = "Pods-PrimeCupUITests.debug.xcconfig"; path = "Pods/Target Support Files/Pods-PrimeCupUITests/Pods-PrimeCupUITests.debug.xcconfig"; sourceTree = "<group>"; };
		1770D47CFA960447AE85E2F5 /* Pods_PrimeCupUITests.framework */ = {isa = PBXFileReference; explicitFileType = wrapper.framework; includeInIndex = 0; path = Pods_PrimeCupUITests.framework; sourceTree = BUILT_PRODUCTS_DIR; };
		3375E72703CCA1C06C04622F /* Pods_PrimeCupTests.framework */ = {isa = PBXFileReference; explicitFileType = wrapper.framework; includeInIndex = 0; path = Pods_PrimeCupTests.framework; sourceTree = BUILT_PRODUCTS_DIR; };
		76583FCC928E2CC9779DE7A6 /* Pods-PrimeCup.debug.xcconfig */ = {isa = PBXFileReference; includeInIndex = 1; lastKnownFileType = text.xcconfig; name = "Pods-PrimeCup.debug.xcconfig"; path = "Pods/Target Support Files/Pods-PrimeCup/Pods-PrimeCup.debug.xcconfig"; sourceTree = "<group>"; };
		8260E9D616FF31B999C51759 /* Pods-PrimeCupTests.debug.xcconfig */ = {isa = PBXFileReference; includeInIndex = 1; lastKnownFileType = text.xcconfig; name = "Pods-PrimeCupTests.debug.xcconfig"; path = "Pods/Target Support Files/Pods-PrimeCupTests/Pods-PrimeCupTests.debug.xcconfig"; sourceTree = "<group>"; };
		894297F4558DB3309AAFB910 /* Pods-PrimeCup.release.xcconfig */ = {isa = PBXFileReference; includeInIndex = 1; lastKnownFileType = text.xcconfig; name = "Pods-PrimeCup.release.xcconfig"; path = "Pods/Target Support Files/Pods-PrimeCup/Pods-PrimeCup.release.xcconfig"; sourceTree = "<group>"; };
		DF7DD0EAC370377BC65F1F41 /* Pods-PrimeCupTests.release.xcconfig */ = {isa = PBXFileReference; includeInIndex = 1; lastKnownFileType = text.xcconfig; name = "Pods-PrimeCupTests.release.xcconfig"; path = "Pods/Target Support Files/Pods-PrimeCupTests/Pods-PrimeCupTests.release.xcconfig"; sourceTree = "<group>"; };
/* End PBXFileReference section */

/* Begin PBXFrameworksBuildPhase section */
		0C477AE9210F99E80062C44A /* Frameworks */ = {
			isa = PBXFrameworksBuildPhase;
			buildActionMask = 2147483647;
			files = (
				75BD69FC1AF0044838BABBD6 /* Pods_PrimeCup.framework in Frameworks */,
			);
			runOnlyForDeploymentPostprocessing = 0;
		};
		0C477AFD210F99EA0062C44A /* Frameworks */ = {
			isa = PBXFrameworksBuildPhase;
			buildActionMask = 2147483647;
			files = (
				A8A419A2BB06D430E652E7A2 /* Pods_PrimeCupTests.framework in Frameworks */,
			);
			runOnlyForDeploymentPostprocessing = 0;
		};
		0C477B08210F99EA0062C44A /* Frameworks */ = {
			isa = PBXFrameworksBuildPhase;
			buildActionMask = 2147483647;
			files = (
				866BE08E7380E47D8635DF51 /* Pods_PrimeCupUITests.framework in Frameworks */,
			);
			runOnlyForDeploymentPostprocessing = 0;
		};
/* End PBXFrameworksBuildPhase section */

/* Begin PBXGroup section */
		07E050CBE3905CA217F76B72 /* Frameworks */ = {
			isa = PBXGroup;
			children = (
				0E2E2DF14DEE1BFA54D91838 /* Pods_PrimeCup.framework */,
				3375E72703CCA1C06C04622F /* Pods_PrimeCupTests.framework */,
				1770D47CFA960447AE85E2F5 /* Pods_PrimeCupUITests.framework */,
			);
			name = Frameworks;
			sourceTree = "<group>";
		};
		0C477AE3210F99E80062C44A = {
			isa = PBXGroup;
			children = (
				0C477AEE210F99E80062C44A /* PrimeCup */,
				0C477B03210F99EA0062C44A /* PrimeCupTests */,
				0C477B0E210F99EA0062C44A /* PrimeCupUITests */,
				0C477AED210F99E80062C44A /* Products */,
				BA858B1E4CE1FB3570269205 /* Pods */,
				07E050CBE3905CA217F76B72 /* Frameworks */,
			);
			sourceTree = "<group>";
		};
		0C477AED210F99E80062C44A /* Products */ = {
			isa = PBXGroup;
			children = (
				0C477AEC210F99E80062C44A /* PrimeCup.app */,
				0C477B00210F99EA0062C44A /* PrimeCupTests.xctest */,
				0C477B0B210F99EA0062C44A /* PrimeCupUITests.xctest */,
			);
			name = Products;
			sourceTree = "<group>";
		};
		0C477AEE210F99E80062C44A /* PrimeCup */ = {
			isa = PBXGroup;
			children = (
				0CA3D264211A614F00139929 /* PrimeCup.entitlements */,
				0C477AEF210F99E80062C44A /* AppDelegate.swift */,
				0C5168952110C471009FAE9D /* Cell */,
				0C5168942110C455009FAE9D /* Model */,
				0C5168932110C446009FAE9D /* ViewController */,
				0C477AF3210F99E80062C44A /* Main.storyboard */,
				0C477AF6210F99EA0062C44A /* Assets.xcassets */,
				0C477AF8210F99EA0062C44A /* LaunchScreen.storyboard */,
				0C477AFB210F99EA0062C44A /* Info.plist */,
				0C3B664F2114EE1100E047FB /* GoogleService-Info.plist */,
				0C477B24210F9F3D0062C44A /* TeamPlayerDatabase.swift */,
				0CE31EDA2117F3490099694F /* UIViewController+ActivityIndicator.swift */,
			);
			path = PrimeCup;
			sourceTree = "<group>";
		};
		0C477B03210F99EA0062C44A /* PrimeCupTests */ = {
			isa = PBXGroup;
			children = (
				0C477B04210F99EA0062C44A /* PrimeCupTests.swift */,
				0C477B06210F99EA0062C44A /* Info.plist */,
			);
			path = PrimeCupTests;
			sourceTree = "<group>";
		};
		0C477B0E210F99EA0062C44A /* PrimeCupUITests */ = {
			isa = PBXGroup;
			children = (
				0C477B0F210F99EA0062C44A /* PrimeCupUITests.swift */,
				0C477B11210F99EA0062C44A /* Info.plist */,
			);
			path = PrimeCupUITests;
			sourceTree = "<group>";
		};
		0C5168932110C446009FAE9D /* ViewController */ = {
			isa = PBXGroup;
			children = (
				0C477AF1210F99E80062C44A /* StandingsViewController.swift */,
				0C477B2A211016700062C44A /* MatchHistoryViewController.swift */,
				0C516898211106DC009FAE9D /* TeamViewController.swift */,
				0C51689A211274B0009FAE9D /* PlayerViewController.swift */,
				0C3B665121151ADD00E047FB /* AdminLoginViewController.swift */,
				0C3B665521152B2000E047FB /* AdminHomeViewController.swift */,
				0C3B6657211568E800E047FB /* SelectHomeTeamViewController.swift */,
				0C3B66592115698200E047FB /* SelectAwayTeamViewController.swift */,
				0C3B665B211569AD00E047FB /* SetScoreViewController.swift */,
				0C3B665D21156A1A00E047FB /* AddGoalViewController.swift */,
				0CE31EDE211801F40099694F /* PlayerStatsViewController.swift */,
				0C949DFD21227A92004C9982 /* SelectScorerViewController.swift */,
				0C949E0321227EF8004C9982 /* SelectAssistViewController.swift */,
				0C949E0521228170004C9982 /* ConfirmGoalViewController.swift */,
			);
			path = ViewController;
			sourceTree = "<group>";
		};
		0C5168942110C455009FAE9D /* Model */ = {
			isa = PBXGroup;
			children = (
				0C477B1D210F99FB0062C44A /* Team.swift */,
				0C477B1F210F9A3D0062C44A /* Player.swift */,
				0C477B21210F9BA90062C44A /* Match.swift */,
				0C3B665F2115788600E047FB /* Goal.swift */,
				0C949DFF21227B22004C9982 /* ScorerTableViewCell.swift */,
				0C949E0121227B8B004C9982 /* AssistTableViewCell.swift */,
			);
			path = Model;
			sourceTree = "<group>";
		};
		0C5168952110C471009FAE9D /* Cell */ = {
			isa = PBXGroup;
			children = (
				0C477B26210FAC7E0062C44A /* StandingsCell.swift */,
				0C477B282110149D0062C44A /* HistoryCell.swift */,
				0C516896211104B9009FAE9D /* PlayerCell.swift */,
				0CE31EDC2117FEE60099694F /* PlayerStatsCell.swift */,
			);
			path = Cell;
			sourceTree = "<group>";
		};
		BA858B1E4CE1FB3570269205 /* Pods */ = {
			isa = PBXGroup;
			children = (
				76583FCC928E2CC9779DE7A6 /* Pods-PrimeCup.debug.xcconfig */,
				894297F4558DB3309AAFB910 /* Pods-PrimeCup.release.xcconfig */,
				8260E9D616FF31B999C51759 /* Pods-PrimeCupTests.debug.xcconfig */,
				DF7DD0EAC370377BC65F1F41 /* Pods-PrimeCupTests.release.xcconfig */,
				170CB3D9E6315F5828C74EA0 /* Pods-PrimeCupUITests.debug.xcconfig */,
				0A519223E298D507260D6BA3 /* Pods-PrimeCupUITests.release.xcconfig */,
			);
			name = Pods;
			sourceTree = "<group>";
		};
/* End PBXGroup section */

/* Begin PBXNativeTarget section */
		0C477AEB210F99E80062C44A /* PrimeCup */ = {
			isa = PBXNativeTarget;
			buildConfigurationList = 0C477B14210F99EA0062C44A /* Build configuration list for PBXNativeTarget "PrimeCup" */;
			buildPhases = (
				F0C6AC8673A239CA12484C0F /* [CP] Check Pods Manifest.lock */,
				0C477AE8210F99E80062C44A /* Sources */,
				0C477AE9210F99E80062C44A /* Frameworks */,
				0C477AEA210F99E80062C44A /* Resources */,
				25DF82190651D5102FAAE302 /* [CP] Embed Pods Frameworks */,
			);
			buildRules = (
			);
			dependencies = (
			);
			name = PrimeCup;
			productName = PrimeCup;
			productReference = 0C477AEC210F99E80062C44A /* PrimeCup.app */;
			productType = "com.apple.product-type.application";
		};
		0C477AFF210F99EA0062C44A /* PrimeCupTests */ = {
			isa = PBXNativeTarget;
			buildConfigurationList = 0C477B17210F99EA0062C44A /* Build configuration list for PBXNativeTarget "PrimeCupTests" */;
			buildPhases = (
				664970CED9A79589D6833E45 /* [CP] Check Pods Manifest.lock */,
				0C477AFC210F99EA0062C44A /* Sources */,
				0C477AFD210F99EA0062C44A /* Frameworks */,
				0C477AFE210F99EA0062C44A /* Resources */,
			);
			buildRules = (
			);
			dependencies = (
				0C477B02210F99EA0062C44A /* PBXTargetDependency */,
			);
			name = PrimeCupTests;
			productName = PrimeCupTests;
			productReference = 0C477B00210F99EA0062C44A /* PrimeCupTests.xctest */;
			productType = "com.apple.product-type.bundle.unit-test";
		};
		0C477B0A210F99EA0062C44A /* PrimeCupUITests */ = {
			isa = PBXNativeTarget;
			buildConfigurationList = 0C477B1A210F99EA0062C44A /* Build configuration list for PBXNativeTarget "PrimeCupUITests" */;
			buildPhases = (
				F805C81A6C02AE53817A9F7A /* [CP] Check Pods Manifest.lock */,
				0C477B07210F99EA0062C44A /* Sources */,
				0C477B08210F99EA0062C44A /* Frameworks */,
				0C477B09210F99EA0062C44A /* Resources */,
			);
			buildRules = (
			);
			dependencies = (
				0C477B0D210F99EA0062C44A /* PBXTargetDependency */,
			);
			name = PrimeCupUITests;
			productName = PrimeCupUITests;
			productReference = 0C477B0B210F99EA0062C44A /* PrimeCupUITests.xctest */;
			productType = "com.apple.product-type.bundle.ui-testing";
		};
/* End PBXNativeTarget section */

/* Begin PBXProject section */
		0C477AE4210F99E80062C44A /* Project object */ = {
			isa = PBXProject;
			attributes = {
				LastSwiftUpdateCheck = 0940;
				LastUpgradeCheck = 0940;
				ORGANIZATIONNAME = "Orlando G. Rodriguez";
				TargetAttributes = {
					0C477AEB210F99E80062C44A = {
						CreatedOnToolsVersion = 9.4.1;
						SystemCapabilities = {
							com.apple.Push = {
								enabled = 1;
							};
						};
					};
					0C477AFF210F99EA0062C44A = {
						CreatedOnToolsVersion = 9.4.1;
						TestTargetID = 0C477AEB210F99E80062C44A;
					};
					0C477B0A210F99EA0062C44A = {
						CreatedOnToolsVersion = 9.4.1;
						TestTargetID = 0C477AEB210F99E80062C44A;
					};
				};
			};
			buildConfigurationList = 0C477AE7210F99E80062C44A /* Build configuration list for PBXProject "PrimeCup" */;
			compatibilityVersion = "Xcode 9.3";
			developmentRegion = en;
			hasScannedForEncodings = 0;
			knownRegions = (
				en,
				Base,
			);
			mainGroup = 0C477AE3210F99E80062C44A;
			productRefGroup = 0C477AED210F99E80062C44A /* Products */;
			projectDirPath = "";
			projectRoot = "";
			targets = (
				0C477AEB210F99E80062C44A /* PrimeCup */,
				0C477AFF210F99EA0062C44A /* PrimeCupTests */,
				0C477B0A210F99EA0062C44A /* PrimeCupUITests */,
			);
		};
/* End PBXProject section */

/* Begin PBXResourcesBuildPhase section */
		0C477AEA210F99E80062C44A /* Resources */ = {
			isa = PBXResourcesBuildPhase;
			buildActionMask = 2147483647;
			files = (
				0C477AFA210F99EA0062C44A /* LaunchScreen.storyboard in Resources */,
				0C3B66502114EE1100E047FB /* GoogleService-Info.plist in Resources */,
				0C477AF7210F99EA0062C44A /* Assets.xcassets in Resources */,
				0C477AF5210F99E80062C44A /* Main.storyboard in Resources */,
			);
			runOnlyForDeploymentPostprocessing = 0;
		};
		0C477AFE210F99EA0062C44A /* Resources */ = {
			isa = PBXResourcesBuildPhase;
			buildActionMask = 2147483647;
			files = (
			);
			runOnlyForDeploymentPostprocessing = 0;
		};
		0C477B09210F99EA0062C44A /* Resources */ = {
			isa = PBXResourcesBuildPhase;
			buildActionMask = 2147483647;
			files = (
			);
			runOnlyForDeploymentPostprocessing = 0;
		};
/* End PBXResourcesBuildPhase section */

/* Begin PBXShellScriptBuildPhase section */
		25DF82190651D5102FAAE302 /* [CP] Embed Pods Frameworks */ = {
			isa = PBXShellScriptBuildPhase;
			buildActionMask = 2147483647;
			files = (
			);
			inputPaths = (
				"${SRCROOT}/Pods/Target Support Files/Pods-PrimeCup/Pods-PrimeCup-frameworks.sh",
				"${BUILT_PRODUCTS_DIR}/GTMSessionFetcher/GTMSessionFetcher.framework",
				"${BUILT_PRODUCTS_DIR}/GoogleToolboxForMac/GoogleToolboxForMac.framework",
				"${BUILT_PRODUCTS_DIR}/TKRadarChart/TKRadarChart.framework",
				"${BUILT_PRODUCTS_DIR}/leveldb-library/leveldb.framework",
				"${BUILT_PRODUCTS_DIR}/nanopb/nanopb.framework",
			);
			name = "[CP] Embed Pods Frameworks";
			outputPaths = (
				"${TARGET_BUILD_DIR}/${FRAMEWORKS_FOLDER_PATH}/GTMSessionFetcher.framework",
				"${TARGET_BUILD_DIR}/${FRAMEWORKS_FOLDER_PATH}/GoogleToolboxForMac.framework",
				"${TARGET_BUILD_DIR}/${FRAMEWORKS_FOLDER_PATH}/TKRadarChart.framework",
				"${TARGET_BUILD_DIR}/${FRAMEWORKS_FOLDER_PATH}/leveldb.framework",
				"${TARGET_BUILD_DIR}/${FRAMEWORKS_FOLDER_PATH}/nanopb.framework",
			);
			runOnlyForDeploymentPostprocessing = 0;
			shellPath = /bin/sh;
			shellScript = "\"${SRCROOT}/Pods/Target Support Files/Pods-PrimeCup/Pods-PrimeCup-frameworks.sh\"\n";
			showEnvVarsInLog = 0;
		};
		664970CED9A79589D6833E45 /* [CP] Check Pods Manifest.lock */ = {
			isa = PBXShellScriptBuildPhase;
			buildActionMask = 2147483647;
			files = (
			);
			inputPaths = (
				"${PODS_PODFILE_DIR_PATH}/Podfile.lock",
				"${PODS_ROOT}/Manifest.lock",
			);
			name = "[CP] Check Pods Manifest.lock";
			outputPaths = (
				"$(DERIVED_FILE_DIR)/Pods-PrimeCupTests-checkManifestLockResult.txt",
			);
			runOnlyForDeploymentPostprocessing = 0;
			shellPath = /bin/sh;
			shellScript = "diff \"${PODS_PODFILE_DIR_PATH}/Podfile.lock\" \"${PODS_ROOT}/Manifest.lock\" > /dev/null\nif [ $? != 0 ] ; then\n    # print error to STDERR\n    echo \"error: The sandbox is not in sync with the Podfile.lock. Run 'pod install' or update your CocoaPods installation.\" >&2\n    exit 1\nfi\n# This output is used by Xcode 'outputs' to avoid re-running this script phase.\necho \"SUCCESS\" > \"${SCRIPT_OUTPUT_FILE_0}\"\n";
			showEnvVarsInLog = 0;
		};
		F0C6AC8673A239CA12484C0F /* [CP] Check Pods Manifest.lock */ = {
			isa = PBXShellScriptBuildPhase;
			buildActionMask = 2147483647;
			files = (
			);
			inputPaths = (
				"${PODS_PODFILE_DIR_PATH}/Podfile.lock",
				"${PODS_ROOT}/Manifest.lock",
			);
			name = "[CP] Check Pods Manifest.lock";
			outputPaths = (
				"$(DERIVED_FILE_DIR)/Pods-PrimeCup-checkManifestLockResult.txt",
			);
			runOnlyForDeploymentPostprocessing = 0;
			shellPath = /bin/sh;
			shellScript = "diff \"${PODS_PODFILE_DIR_PATH}/Podfile.lock\" \"${PODS_ROOT}/Manifest.lock\" > /dev/null\nif [ $? != 0 ] ; then\n    # print error to STDERR\n    echo \"error: The sandbox is not in sync with the Podfile.lock. Run 'pod install' or update your CocoaPods installation.\" >&2\n    exit 1\nfi\n# This output is used by Xcode 'outputs' to avoid re-running this script phase.\necho \"SUCCESS\" > \"${SCRIPT_OUTPUT_FILE_0}\"\n";
			showEnvVarsInLog = 0;
		};
		F805C81A6C02AE53817A9F7A /* [CP] Check Pods Manifest.lock */ = {
			isa = PBXShellScriptBuildPhase;
			buildActionMask = 2147483647;
			files = (
			);
			inputPaths = (
				"${PODS_PODFILE_DIR_PATH}/Podfile.lock",
				"${PODS_ROOT}/Manifest.lock",
			);
			name = "[CP] Check Pods Manifest.lock";
			outputPaths = (
				"$(DERIVED_FILE_DIR)/Pods-PrimeCupUITests-checkManifestLockResult.txt",
			);
			runOnlyForDeploymentPostprocessing = 0;
			shellPath = /bin/sh;
			shellScript = "diff \"${PODS_PODFILE_DIR_PATH}/Podfile.lock\" \"${PODS_ROOT}/Manifest.lock\" > /dev/null\nif [ $? != 0 ] ; then\n    # print error to STDERR\n    echo \"error: The sandbox is not in sync with the Podfile.lock. Run 'pod install' or update your CocoaPods installation.\" >&2\n    exit 1\nfi\n# This output is used by Xcode 'outputs' to avoid re-running this script phase.\necho \"SUCCESS\" > \"${SCRIPT_OUTPUT_FILE_0}\"\n";
			showEnvVarsInLog = 0;
		};
/* End PBXShellScriptBuildPhase section */

/* Begin PBXSourcesBuildPhase section */
		0C477AE8210F99E80062C44A /* Sources */ = {
			isa = PBXSourcesBuildPhase;
			buildActionMask = 2147483647;
			files = (
				0C949E0221227B8B004C9982 /* AssistTableViewCell.swift in Sources */,
				0C477B27210FAC7E0062C44A /* StandingsCell.swift in Sources */,
				0CE31EDD2117FEE60099694F /* PlayerStatsCell.swift in Sources */,
				0C477AF2210F99E80062C44A /* StandingsViewController.swift in Sources */,
				0C949DFE21227A92004C9982 /* SelectScorerViewController.swift in Sources */,
				0C3B6658211568E800E047FB /* SelectHomeTeamViewController.swift in Sources */,
				0C477AF0210F99E80062C44A /* AppDelegate.swift in Sources */,
				0C477B20210F9A3D0062C44A /* Player.swift in Sources */,
				0CE31EDB2117F3490099694F /* UIViewController+ActivityIndicator.swift in Sources */,
				0C516897211104B9009FAE9D /* PlayerCell.swift in Sources */,
				0C949E0421227EF8004C9982 /* SelectAssistViewController.swift in Sources */,
				0C51689B211274B0009FAE9D /* PlayerViewController.swift in Sources */,
				0C477B2C211016700062C44A /* MatchHistoryViewController.swift in Sources */,
				0C477B25210F9F3D0062C44A /* TeamPlayerDatabase.swift in Sources */,
				0C949E0621228170004C9982 /* ConfirmGoalViewController.swift in Sources */,
				0CE31EDF211801F40099694F /* PlayerStatsViewController.swift in Sources */,
				0C949E0021227B22004C9982 /* ScorerTableViewCell.swift in Sources */,
				0C3B665E21156A1A00E047FB /* AddGoalViewController.swift in Sources */,
				0C3B665A2115698200E047FB /* SelectAwayTeamViewController.swift in Sources */,
				0C3B665221151ADD00E047FB /* AdminLoginViewController.swift in Sources */,
				0C3B665C211569AD00E047FB /* SetScoreViewController.swift in Sources */,
				0C477B22210F9BA90062C44A /* Match.swift in Sources */,
				0C3B66602115788600E047FB /* Goal.swift in Sources */,
				0C477B292110149D0062C44A /* HistoryCell.swift in Sources */,
				0C3B665621152B2000E047FB /* AdminHomeViewController.swift in Sources */,
				0C516899211106DC009FAE9D /* TeamViewController.swift in Sources */,
				0C477B1E210F99FB0062C44A /* Team.swift in Sources */,
			);
			runOnlyForDeploymentPostprocessing = 0;
		};
		0C477AFC210F99EA0062C44A /* Sources */ = {
			isa = PBXSourcesBuildPhase;
			buildActionMask = 2147483647;
			files = (
				0C477B05210F99EA0062C44A /* PrimeCupTests.swift in Sources */,
			);
			runOnlyForDeploymentPostprocessing = 0;
		};
		0C477B07210F99EA0062C44A /* Sources */ = {
			isa = PBXSourcesBuildPhase;
			buildActionMask = 2147483647;
			files = (
				0C477B10210F99EA0062C44A /* PrimeCupUITests.swift in Sources */,
			);
			runOnlyForDeploymentPostprocessing = 0;
		};
/* End PBXSourcesBuildPhase section */

/* Begin PBXTargetDependency section */
		0C477B02210F99EA0062C44A /* PBXTargetDependency */ = {
			isa = PBXTargetDependency;
			target = 0C477AEB210F99E80062C44A /* PrimeCup */;
			targetProxy = 0C477B01210F99EA0062C44A /* PBXContainerItemProxy */;
		};
		0C477B0D210F99EA0062C44A /* PBXTargetDependency */ = {
			isa = PBXTargetDependency;
			target = 0C477AEB210F99E80062C44A /* PrimeCup */;
			targetProxy = 0C477B0C210F99EA0062C44A /* PBXContainerItemProxy */;
		};
/* End PBXTargetDependency section */

/* Begin PBXVariantGroup section */
		0C477AF3210F99E80062C44A /* Main.storyboard */ = {
			isa = PBXVariantGroup;
			children = (
				0C477AF4210F99E80062C44A /* Base */,
			);
			name = Main.storyboard;
			sourceTree = "<group>";
		};
		0C477AF8210F99EA0062C44A /* LaunchScreen.storyboard */ = {
			isa = PBXVariantGroup;
			children = (
				0C477AF9210F99EA0062C44A /* Base */,
			);
			name = LaunchScreen.storyboard;
			sourceTree = "<group>";
		};
/* End PBXVariantGroup section */

/* Begin XCBuildConfiguration section */
		0C477B12210F99EA0062C44A /* Debug */ = {
			isa = XCBuildConfiguration;
			buildSettings = {
				ALWAYS_SEARCH_USER_PATHS = NO;
				CLANG_ANALYZER_NONNULL = YES;
				CLANG_ANALYZER_NUMBER_OBJECT_CONVERSION = YES_AGGRESSIVE;
				CLANG_CXX_LANGUAGE_STANDARD = "gnu++14";
				CLANG_CXX_LIBRARY = "libc++";
				CLANG_ENABLE_MODULES = YES;
				CLANG_ENABLE_OBJC_ARC = YES;
				CLANG_ENABLE_OBJC_WEAK = YES;
				CLANG_WARN_BLOCK_CAPTURE_AUTORELEASING = YES;
				CLANG_WARN_BOOL_CONVERSION = YES;
				CLANG_WARN_COMMA = YES;
				CLANG_WARN_CONSTANT_CONVERSION = YES;
				CLANG_WARN_DEPRECATED_OBJC_IMPLEMENTATIONS = YES;
				CLANG_WARN_DIRECT_OBJC_ISA_USAGE = YES_ERROR;
				CLANG_WARN_DOCUMENTATION_COMMENTS = YES;
				CLANG_WARN_EMPTY_BODY = YES;
				CLANG_WARN_ENUM_CONVERSION = YES;
				CLANG_WARN_INFINITE_RECURSION = YES;
				CLANG_WARN_INT_CONVERSION = YES;
				CLANG_WARN_NON_LITERAL_NULL_CONVERSION = YES;
				CLANG_WARN_OBJC_IMPLICIT_RETAIN_SELF = YES;
				CLANG_WARN_OBJC_LITERAL_CONVERSION = YES;
				CLANG_WARN_OBJC_ROOT_CLASS = YES_ERROR;
				CLANG_WARN_RANGE_LOOP_ANALYSIS = YES;
				CLANG_WARN_STRICT_PROTOTYPES = YES;
				CLANG_WARN_SUSPICIOUS_MOVE = YES;
				CLANG_WARN_UNGUARDED_AVAILABILITY = YES_AGGRESSIVE;
				CLANG_WARN_UNREACHABLE_CODE = YES;
				CLANG_WARN__DUPLICATE_METHOD_MATCH = YES;
				CODE_SIGN_IDENTITY = "iPhone Developer";
				COPY_PHASE_STRIP = NO;
				DEBUG_INFORMATION_FORMAT = dwarf;
				ENABLE_STRICT_OBJC_MSGSEND = YES;
				ENABLE_TESTABILITY = YES;
				GCC_C_LANGUAGE_STANDARD = gnu11;
				GCC_DYNAMIC_NO_PIC = NO;
				GCC_NO_COMMON_BLOCKS = YES;
				GCC_OPTIMIZATION_LEVEL = 0;
				GCC_PREPROCESSOR_DEFINITIONS = (
					"DEBUG=1",
					"$(inherited)",
				);
				GCC_WARN_64_TO_32_BIT_CONVERSION = YES;
				GCC_WARN_ABOUT_RETURN_TYPE = YES_ERROR;
				GCC_WARN_UNDECLARED_SELECTOR = YES;
				GCC_WARN_UNINITIALIZED_AUTOS = YES_AGGRESSIVE;
				GCC_WARN_UNUSED_FUNCTION = YES;
				GCC_WARN_UNUSED_VARIABLE = YES;
				IPHONEOS_DEPLOYMENT_TARGET = 11.4;
				MTL_ENABLE_DEBUG_INFO = YES;
				ONLY_ACTIVE_ARCH = YES;
				SDKROOT = iphoneos;
				SWIFT_ACTIVE_COMPILATION_CONDITIONS = DEBUG;
				SWIFT_OPTIMIZATION_LEVEL = "-Onone";
			};
			name = Debug;
		};
		0C477B13210F99EA0062C44A /* Release */ = {
			isa = XCBuildConfiguration;
			buildSettings = {
				ALWAYS_SEARCH_USER_PATHS = NO;
				CLANG_ANALYZER_NONNULL = YES;
				CLANG_ANALYZER_NUMBER_OBJECT_CONVERSION = YES_AGGRESSIVE;
				CLANG_CXX_LANGUAGE_STANDARD = "gnu++14";
				CLANG_CXX_LIBRARY = "libc++";
				CLANG_ENABLE_MODULES = YES;
				CLANG_ENABLE_OBJC_ARC = YES;
				CLANG_ENABLE_OBJC_WEAK = YES;
				CLANG_WARN_BLOCK_CAPTURE_AUTORELEASING = YES;
				CLANG_WARN_BOOL_CONVERSION = YES;
				CLANG_WARN_COMMA = YES;
				CLANG_WARN_CONSTANT_CONVERSION = YES;
				CLANG_WARN_DEPRECATED_OBJC_IMPLEMENTATIONS = YES;
				CLANG_WARN_DIRECT_OBJC_ISA_USAGE = YES_ERROR;
				CLANG_WARN_DOCUMENTATION_COMMENTS = YES;
				CLANG_WARN_EMPTY_BODY = YES;
				CLANG_WARN_ENUM_CONVERSION = YES;
				CLANG_WARN_INFINITE_RECURSION = YES;
				CLANG_WARN_INT_CONVERSION = YES;
				CLANG_WARN_NON_LITERAL_NULL_CONVERSION = YES;
				CLANG_WARN_OBJC_IMPLICIT_RETAIN_SELF = YES;
				CLANG_WARN_OBJC_LITERAL_CONVERSION = YES;
				CLANG_WARN_OBJC_ROOT_CLASS = YES_ERROR;
				CLANG_WARN_RANGE_LOOP_ANALYSIS = YES;
				CLANG_WARN_STRICT_PROTOTYPES = YES;
				CLANG_WARN_SUSPICIOUS_MOVE = YES;
				CLANG_WARN_UNGUARDED_AVAILABILITY = YES_AGGRESSIVE;
				CLANG_WARN_UNREACHABLE_CODE = YES;
				CLANG_WARN__DUPLICATE_METHOD_MATCH = YES;
				CODE_SIGN_IDENTITY = "iPhone Developer";
				COPY_PHASE_STRIP = NO;
				DEBUG_INFORMATION_FORMAT = "dwarf-with-dsym";
				ENABLE_NS_ASSERTIONS = NO;
				ENABLE_STRICT_OBJC_MSGSEND = YES;
				GCC_C_LANGUAGE_STANDARD = gnu11;
				GCC_NO_COMMON_BLOCKS = YES;
				GCC_WARN_64_TO_32_BIT_CONVERSION = YES;
				GCC_WARN_ABOUT_RETURN_TYPE = YES_ERROR;
				GCC_WARN_UNDECLARED_SELECTOR = YES;
				GCC_WARN_UNINITIALIZED_AUTOS = YES_AGGRESSIVE;
				GCC_WARN_UNUSED_FUNCTION = YES;
				GCC_WARN_UNUSED_VARIABLE = YES;
				IPHONEOS_DEPLOYMENT_TARGET = 11.4;
				MTL_ENABLE_DEBUG_INFO = NO;
				SDKROOT = iphoneos;
				SWIFT_COMPILATION_MODE = wholemodule;
				SWIFT_OPTIMIZATION_LEVEL = "-O";
				VALIDATE_PRODUCT = YES;
			};
			name = Release;
		};
		0C477B15210F99EA0062C44A /* Debug */ = {
			isa = XCBuildConfiguration;
			baseConfigurationReference = 76583FCC928E2CC9779DE7A6 /* Pods-PrimeCup.debug.xcconfig */;
			buildSettings = {
				ASSETCATALOG_COMPILER_APPICON_NAME = AppIcon;
				CODE_SIGN_ENTITLEMENTS = PrimeCup/PrimeCup.entitlements;
				CODE_SIGN_STYLE = Automatic;
				DEVELOPMENT_TEAM = L8DCU292HF;
				INFOPLIST_FILE = PrimeCup/Info.plist;
				IPHONEOS_DEPLOYMENT_TARGET = 11.0;
				LD_RUNPATH_SEARCH_PATHS = (
					"$(inherited)",
					"@executable_path/Frameworks",
				);
				PRODUCT_BUNDLE_IDENTIFIER = com.orlyrodz.PrimeCup;
				PRODUCT_NAME = "$(TARGET_NAME)";
				SWIFT_VERSION = 4.0;
				TARGETED_DEVICE_FAMILY = 1;
			};
			name = Debug;
		};
		0C477B16210F99EA0062C44A /* Release */ = {
			isa = XCBuildConfiguration;
			baseConfigurationReference = 894297F4558DB3309AAFB910 /* Pods-PrimeCup.release.xcconfig */;
			buildSettings = {
				ASSETCATALOG_COMPILER_APPICON_NAME = AppIcon;
				CODE_SIGN_ENTITLEMENTS = PrimeCup/PrimeCup.entitlements;
				CODE_SIGN_STYLE = Automatic;
				DEVELOPMENT_TEAM = L8DCU292HF;
				INFOPLIST_FILE = PrimeCup/Info.plist;
				IPHONEOS_DEPLOYMENT_TARGET = 11.0;
				LD_RUNPATH_SEARCH_PATHS = (
					"$(inherited)",
					"@executable_path/Frameworks",
				);
				PRODUCT_BUNDLE_IDENTIFIER = com.orlyrodz.PrimeCup;
				PRODUCT_NAME = "$(TARGET_NAME)";
				SWIFT_VERSION = 4.0;
				TARGETED_DEVICE_FAMILY = 1;
			};
			name = Release;
		};
		0C477B18210F99EA0062C44A /* Debug */ = {
			isa = XCBuildConfiguration;
			baseConfigurationReference = 8260E9D616FF31B999C51759 /* Pods-PrimeCupTests.debug.xcconfig */;
			buildSettings = {
				ALWAYS_EMBED_SWIFT_STANDARD_LIBRARIES = YES;
				BUNDLE_LOADER = "$(TEST_HOST)";
				CODE_SIGN_STYLE = Automatic;
				DEVELOPMENT_TEAM = L8DCU292HF;
				INFOPLIST_FILE = PrimeCupTests/Info.plist;
				LD_RUNPATH_SEARCH_PATHS = (
					"$(inherited)",
					"@executable_path/Frameworks",
					"@loader_path/Frameworks",
				);
				PRODUCT_BUNDLE_IDENTIFIER = com.orlyrodz.PrimeCupTests;
				PRODUCT_NAME = "$(TARGET_NAME)";
				SWIFT_VERSION = 4.0;
				TARGETED_DEVICE_FAMILY = "1,2";
				TEST_HOST = "$(BUILT_PRODUCTS_DIR)/PrimeCup.app/PrimeCup";
			};
			name = Debug;
		};
		0C477B19210F99EA0062C44A /* Release */ = {
			isa = XCBuildConfiguration;
			baseConfigurationReference = DF7DD0EAC370377BC65F1F41 /* Pods-PrimeCupTests.release.xcconfig */;
			buildSettings = {
				ALWAYS_EMBED_SWIFT_STANDARD_LIBRARIES = YES;
				BUNDLE_LOADER = "$(TEST_HOST)";
				CODE_SIGN_STYLE = Automatic;
				DEVELOPMENT_TEAM = L8DCU292HF;
				INFOPLIST_FILE = PrimeCupTests/Info.plist;
				LD_RUNPATH_SEARCH_PATHS = (
					"$(inherited)",
					"@executable_path/Frameworks",
					"@loader_path/Frameworks",
				);
				PRODUCT_BUNDLE_IDENTIFIER = com.orlyrodz.PrimeCupTests;
				PRODUCT_NAME = "$(TARGET_NAME)";
				SWIFT_VERSION = 4.0;
				TARGETED_DEVICE_FAMILY = "1,2";
				TEST_HOST = "$(BUILT_PRODUCTS_DIR)/PrimeCup.app/PrimeCup";
			};
			name = Release;
		};
		0C477B1B210F99EA0062C44A /* Debug */ = {
			isa = XCBuildConfiguration;
			baseConfigurationReference = 170CB3D9E6315F5828C74EA0 /* Pods-PrimeCupUITests.debug.xcconfig */;
			buildSettings = {
				ALWAYS_EMBED_SWIFT_STANDARD_LIBRARIES = YES;
				CODE_SIGN_STYLE = Automatic;
				DEVELOPMENT_TEAM = L8DCU292HF;
				INFOPLIST_FILE = PrimeCupUITests/Info.plist;
				LD_RUNPATH_SEARCH_PATHS = (
					"$(inherited)",
					"@executable_path/Frameworks",
					"@loader_path/Frameworks",
				);
				PRODUCT_BUNDLE_IDENTIFIER = com.orlyrodz.PrimeCupUITests;
				PRODUCT_NAME = "$(TARGET_NAME)";
				SWIFT_VERSION = 4.0;
				TARGETED_DEVICE_FAMILY = "1,2";
				TEST_TARGET_NAME = PrimeCup;
			};
			name = Debug;
		};
		0C477B1C210F99EA0062C44A /* Release */ = {
			isa = XCBuildConfiguration;
			baseConfigurationReference = 0A519223E298D507260D6BA3 /* Pods-PrimeCupUITests.release.xcconfig */;
			buildSettings = {
				ALWAYS_EMBED_SWIFT_STANDARD_LIBRARIES = YES;
				CODE_SIGN_STYLE = Automatic;
				DEVELOPMENT_TEAM = L8DCU292HF;
				INFOPLIST_FILE = PrimeCupUITests/Info.plist;
				LD_RUNPATH_SEARCH_PATHS = (
					"$(inherited)",
					"@executable_path/Frameworks",
					"@loader_path/Frameworks",
				);
				PRODUCT_BUNDLE_IDENTIFIER = com.orlyrodz.PrimeCupUITests;
				PRODUCT_NAME = "$(TARGET_NAME)";
				SWIFT_VERSION = 4.0;
				TARGETED_DEVICE_FAMILY = "1,2";
				TEST_TARGET_NAME = PrimeCup;
			};
			name = Release;
		};
/* End XCBuildConfiguration section */

/* Begin XCConfigurationList section */
		0C477AE7210F99E80062C44A /* Build configuration list for PBXProject "PrimeCup" */ = {
			isa = XCConfigurationList;
			buildConfigurations = (
				0C477B12210F99EA0062C44A /* Debug */,
				0C477B13210F99EA0062C44A /* Release */,
			);
			defaultConfigurationIsVisible = 0;
			defaultConfigurationName = Release;
		};
		0C477B14210F99EA0062C44A /* Build configuration list for PBXNativeTarget "PrimeCup" */ = {
			isa = XCConfigurationList;
			buildConfigurations = (
				0C477B15210F99EA0062C44A /* Debug */,
				0C477B16210F99EA0062C44A /* Release */,
			);
			defaultConfigurationIsVisible = 0;
			defaultConfigurationName = Release;
		};
		0C477B17210F99EA0062C44A /* Build configuration list for PBXNativeTarget "PrimeCupTests" */ = {
			isa = XCConfigurationList;
			buildConfigurations = (
				0C477B18210F99EA0062C44A /* Debug */,
				0C477B19210F99EA0062C44A /* Release */,
			);
			defaultConfigurationIsVisible = 0;
			defaultConfigurationName = Release;
		};
		0C477B1A210F99EA0062C44A /* Build configuration list for PBXNativeTarget "PrimeCupUITests" */ = {
			isa = XCConfigurationList;
			buildConfigurations = (
				0C477B1B210F99EA0062C44A /* Debug */,
				0C477B1C210F99EA0062C44A /* Release */,
			);
			defaultConfigurationIsVisible = 0;
			defaultConfigurationName = Release;
		};
/* End XCConfigurationList section */
	};
	rootObject = 0C477AE4210F99E80062C44A /* Project object */;
}
